
Microsoft Visual Studio Solution File, Format Version 12.00
# Visual Studio Version 17
VisualStudioVersion = 17.7.34202.233
MinimumVisualStudioVersion = 10.0.40219.1
Project("{9A19103F-16F7-4668-BE54-9A1E7A4F7556}") = "LibVLCSharp.Avalonia.Sample", "LibVLCSharp.Avalonia.Sample.csproj", "{D42272F0-F3E7-40E3-A219-24B76DB0EB50}"
EndProject
Global
	GlobalSection(SolutionConfigurationPlatforms) = preSolution
		Debug|Any CPU = Debug|Any CPU
		Release|Any CPU = Release|Any CPU
	EndGlobalSection
	GlobalSection(ProjectConfigurationPlatforms) = postSolution
		{D42272F0-F3E7-40E3-A219-24B76DB0EB50}.Debug|Any CPU.ActiveCfg = Debug|Any CPU
		{D42272F0-F3E7-40E3-A219-24B76DB0EB50}.Debug|Any CPU.Build.0 = Debug|Any CPU
		{D42272F0-F3E7-40E3-A219-24B76DB0EB50}.Release|Any CPU.ActiveCfg = Release|Any CPU
		{D42272F0-F3E7-40E3-A219-24B76DB0EB50}.Release|Any CPU.Build.0 = Release|Any CPU
	EndGlobalSection
	GlobalSection(SolutionProperties) = preSolution
		HideSolutionNode = FALSE
	EndGlobalSection
	GlobalSection(ExtensibilityGlobals) = postSolution
		SolutionGuid = {CAB2F971-313D-47E6-9650-4759FEA9ABB7}
	EndGlobalSection
EndGlobal
